
Microsoft Visual Studio Solution File, Format Version 12.00
# Visual Studio Version 17
VisualStudioVersion = 17.14.36202.13 d17.14
MinimumVisualStudioVersion = 10.0.40219.1
Project("{FAE04EC0-301F-11D3-BF4B-00C04F79EFBC}") = "HGN_Task3", "HGN_Task3\HGN_Task3.csproj", "{32EE8980-366A-420D-B976-117AA0404EAB}"
EndProject
Global
	GlobalSection(SolutionConfigurationPlatforms) = preSolution
		Debug|Any CPU = Debug|Any CPU
		Release|Any CPU = Release|Any CPU
	EndGlobalSection
	GlobalSection(ProjectConfigurationPlatforms) = postSolution
		{32EE8980-366A-420D-B976-117AA0404EAB}.Debug|Any CPU.ActiveCfg = Debug|Any CPU
		{32EE8980-366A-420D-B976-117AA0404EAB}.Debug|Any CPU.Build.0 = Debug|Any CPU
		{32EE8980-366A-420D-B976-117AA0404EAB}.Release|Any CPU.ActiveCfg = Release|Any CPU
		{32EE8980-366A-420D-B976-117AA0404EAB}.Release|Any CPU.Build.0 = Release|Any CPU
	EndGlobalSection
	GlobalSection(SolutionProperties) = preSolution
		HideSolutionNode = FALSE
	EndGlobalSection
	GlobalSection(ExtensibilityGlobals) = postSolution
		SolutionGuid = {787389DD-09A9-4F1F-B063-03161FF5270E}
	EndGlobalSection
EndGlobal
